
Microsoft Visual Studio Solution File, Format Version 12.00
# Visual Studio Version 17
VisualStudioVersion = 17.10.35027.167
MinimumVisualStudioVersion = 10.0.40219.1
Project("{FAE04EC0-301F-11D3-BF4B-00C04F79EFBC}") = "WpfWindowTest", "WpfWindowTest.csproj", "{9B61F30D-89C7-43B1-923B-8C823E13D19B}"
EndProject
Global
	GlobalSection(SolutionConfigurationPlatforms) = preSolution
		Debug|Any CPU = Debug|Any CPU
		Release|Any CPU = Release|Any CPU
	EndGlobalSection
	GlobalSection(ProjectConfigurationPlatforms) = postSolution
		{9B61F30D-89C7-43B1-923B-8C823E13D19B}.Debug|Any CPU.ActiveCfg = Debug|Any CPU
		{9B61F30D-89C7-43B1-923B-8C823E13D19B}.Debug|Any CPU.Build.0 = Debug|Any CPU
		{9B61F30D-89C7-43B1-923B-8C823E13D19B}.Release|Any CPU.ActiveCfg = Release|Any CPU
		{9B61F30D-89C7-43B1-923B-8C823E13D19B}.Release|Any CPU.Build.0 = Release|Any CPU
	EndGlobalSection
	GlobalSection(SolutionProperties) = preSolution
		HideSolutionNode = FALSE
	EndGlobalSection
	GlobalSection(ExtensibilityGlobals) = postSolution
		SolutionGuid = {03EF5526-39B7-45F6-A9BC-8409A70AE160}
	EndGlobalSection
EndGlobal
